
Microsoft Visual Studio Solution File, Format Version 12.00
# Visual Studio Version 17
VisualStudioVersion = 17.1.32210.238
MinimumVisualStudioVersion = 10.0.40219.1
Project("{9A19103F-16F7-4668-BE54-9A1E7A4F7556}") = "Majales", "Majales\Majales.csproj", "{07669D99-E12F-4326-BF2A-73B740BA3B49}"
EndProject
Project("{9A19103F-16F7-4668-BE54-9A1E7A4F7556}") = "DatabaseLibrary", "DatabaseLibrary\DatabaseLibrary.csproj", "{391C7586-FA78-4201-B8AD-F44A36707132}"
EndProject
Project("{9A19103F-16F7-4668-BE54-9A1E7A4F7556}") = "FileSupportLibrary", "FileSupportLibrary\FileSupportLibrary.csproj", "{DD56D12F-7CE8-46F0-ACDF-215A45CA1FE1}"
EndProject
Project("{9A19103F-16F7-4668-BE54-9A1E7A4F7556}") = "MajalesKonzole", "MajalesKonzole\MajalesKonzole.csproj", "{1CD5C39E-2B6F-4385-BD14-87555B9DFE60}"
EndProject
Project("{9A19103F-16F7-4668-BE54-9A1E7A4F7556}") = "ArrayUtilsLibrary", "ArrayUtilsLibrary\ArrayUtilsLibrary.csproj", "{68882EB8-367F-4A3B-83DD-B7D6E59F1722}"
EndProject
Project("{9A19103F-16F7-4668-BE54-9A1E7A4F7556}") = "DatabaseDefinitions", "DatabaseDefinitions\DatabaseDefinitions.csproj", "{8B27DE2B-0D4E-46A7-84BE-093FA533BFA3}"
EndProject
Project("{9A19103F-16F7-4668-BE54-9A1E7A4F7556}") = "LogicalDatabaseLibrary", "LogicalDatabaseLibrary\LogicalDatabaseLibrary.csproj", "{75BB345D-04AF-4CD6-9DBF-8A612AAD15A3}"
	ProjectSection(ProjectDependencies) = postProject
		{68882EB8-367F-4A3B-83DD-B7D6E59F1722} = {68882EB8-367F-4A3B-83DD-B7D6E59F1722}
	EndProjectSection
EndProject
Project("{9A19103F-16F7-4668-BE54-9A1E7A4F7556}") = "ClientLibrary", "ClientLibrary\ClientLibrary.csproj", "{5126E1E7-27D3-428E-A059-62B720D7FC36}"
EndProject
Global
	GlobalSection(SolutionConfigurationPlatforms) = preSolution
		Debug|Any CPU = Debug|Any CPU
		Release|Any CPU = Release|Any CPU
	EndGlobalSection
	GlobalSection(ProjectConfigurationPlatforms) = postSolution
		{07669D99-E12F-4326-BF2A-73B740BA3B49}.Debug|Any CPU.ActiveCfg = Debug|Any CPU
		{07669D99-E12F-4326-BF2A-73B740BA3B49}.Debug|Any CPU.Build.0 = Debug|Any CPU
		{07669D99-E12F-4326-BF2A-73B740BA3B49}.Release|Any CPU.ActiveCfg = Release|Any CPU
		{07669D99-E12F-4326-BF2A-73B740BA3B49}.Release|Any CPU.Build.0 = Release|Any CPU
		{391C7586-FA78-4201-B8AD-F44A36707132}.Debug|Any CPU.ActiveCfg = Debug|Any CPU
		{391C7586-FA78-4201-B8AD-F44A36707132}.Debug|Any CPU.Build.0 = Debug|Any CPU
		{391C7586-FA78-4201-B8AD-F44A36707132}.Release|Any CPU.ActiveCfg = Release|Any CPU
		{391C7586-FA78-4201-B8AD-F44A36707132}.Release|Any CPU.Build.0 = Release|Any CPU
		{DD56D12F-7CE8-46F0-ACDF-215A45CA1FE1}.Debug|Any CPU.ActiveCfg = Debug|Any CPU
		{DD56D12F-7CE8-46F0-ACDF-215A45CA1FE1}.Debug|Any CPU.Build.0 = Debug|Any CPU
		{DD56D12F-7CE8-46F0-ACDF-215A45CA1FE1}.Release|Any CPU.ActiveCfg = Release|Any CPU
		{DD56D12F-7CE8-46F0-ACDF-215A45CA1FE1}.Release|Any CPU.Build.0 = Release|Any CPU
		{1CD5C39E-2B6F-4385-BD14-87555B9DFE60}.Debug|Any CPU.ActiveCfg = Debug|Any CPU
		{1CD5C39E-2B6F-4385-BD14-87555B9DFE60}.Debug|Any CPU.Build.0 = Debug|Any CPU
		{1CD5C39E-2B6F-4385-BD14-87555B9DFE60}.Release|Any CPU.ActiveCfg = Release|Any CPU
		{1CD5C39E-2B6F-4385-BD14-87555B9DFE60}.Release|Any CPU.Build.0 = Release|Any CPU
		{68882EB8-367F-4A3B-83DD-B7D6E59F1722}.Debug|Any CPU.ActiveCfg = Debug|Any CPU
		{68882EB8-367F-4A3B-83DD-B7D6E59F1722}.Debug|Any CPU.Build.0 = Debug|Any CPU
		{68882EB8-367F-4A3B-83DD-B7D6E59F1722}.Release|Any CPU.ActiveCfg = Release|Any CPU
		{68882EB8-367F-4A3B-83DD-B7D6E59F1722}.Release|Any CPU.Build.0 = Release|Any CPU
		{8B27DE2B-0D4E-46A7-84BE-093FA533BFA3}.Debug|Any CPU.ActiveCfg = Debug|Any CPU
		{8B27DE2B-0D4E-46A7-84BE-093FA533BFA3}.Debug|Any CPU.Build.0 = Debug|Any CPU
		{8B27DE2B-0D4E-46A7-84BE-093FA533BFA3}.Release|Any CPU.ActiveCfg = Release|Any CPU
		{8B27DE2B-0D4E-46A7-84BE-093FA533BFA3}.Release|Any CPU.Build.0 = Release|Any CPU
		{75BB345D-04AF-4CD6-9DBF-8A612AAD15A3}.Debug|Any CPU.ActiveCfg = Debug|Any CPU
		{75BB345D-04AF-4CD6-9DBF-8A612AAD15A3}.Debug|Any CPU.Build.0 = Debug|Any CPU
		{75BB345D-04AF-4CD6-9DBF-8A612AAD15A3}.Release|Any CPU.ActiveCfg = Release|Any CPU
		{75BB345D-04AF-4CD6-9DBF-8A612AAD15A3}.Release|Any CPU.Build.0 = Release|Any CPU
		{5126E1E7-27D3-428E-A059-62B720D7FC36}.Debug|Any CPU.ActiveCfg = Debug|Any CPU
		{5126E1E7-27D3-428E-A059-62B720D7FC36}.Debug|Any CPU.Build.0 = Debug|Any CPU
		{5126E1E7-27D3-428E-A059-62B720D7FC36}.Release|Any CPU.ActiveCfg = Release|Any CPU
		{5126E1E7-27D3-428E-A059-62B720D7FC36}.Release|Any CPU.Build.0 = Release|Any CPU
	EndGlobalSection
	GlobalSection(SolutionProperties) = preSolution
		HideSolutionNode = FALSE
	EndGlobalSection
	GlobalSection(ExtensibilityGlobals) = postSolution
		SolutionGuid = {5676A1D4-2806-46CC-9005-2637649FEFF5}
	EndGlobalSection
EndGlobal
